{
  "name": "@justkhz/baddak",
  "version": "1.0.0",
  "lockfileVersion": 3,
  "requires": true,
  "packages": {
    "": {
      "name": "@justkhz/baddak",
      "version": "1.0.0",
      "license": "ISC",
      "dependencies": {
        "baddak": "^1.0.0"
      },
      "devDependencies": {}
    },
    "node_modules/baddak": {
      "version": "1.0.0",
      "resolved": "https://registry.npmjs.org/baddak/-/baddak-1.0.0.tgz",
      "integrity": "sha512-DmJFW6AGi9fnGkAuaZL/IyYSEKwYjsQxQ6DSBkUY4Vr67NSQpHh1wQUKZs8/e5KutVravJIw1PCXh27Qz1l38A=="
    }
  }
}
